
Microsoft Visual Studio Solution File, Format Version 12.00
# Visual Studio Version 16
VisualStudioVersion = 16.0.31129.286
MinimumVisualStudioVersion = 10.0.40219.1
Project("{9A19103F-16F7-4668-BE54-9A1E7A4F7556}") = "CoreDemo", "CoreDemo\CoreDemo.csproj", "{03357A12-C191-4B84-B749-A68756A1C754}"
EndProject
Project("{FAE04EC0-301F-11D3-BF4B-00C04F79EFBC}") = "EntityLayer", "EntityLayer\EntityLayer.csproj", "{F8368541-B503-4B32-A2DB-9E8B140DAD0C}"
EndProject
Project("{FAE04EC0-301F-11D3-BF4B-00C04F79EFBC}") = "DataAccessLayer", "DataAccessLayer\DataAccessLayer.csproj", "{C16BC8C4-9E8C-4B96-A3E5-360B2E8BE187}"
EndProject
Project("{FAE04EC0-301F-11D3-BF4B-00C04F79EFBC}") = "BusinessLayer", "BusinessLayer\BusinessLayer.csproj", "{9BB7D101-EDA5-45D7-9AEF-D9116707BE49}"
EndProject
Project("{FAE04EC0-301F-11D3-BF4B-00C04F79EFBC}") = "CoreLayer", "CoreLayer\CoreLayer.csproj", "{0EB3F21D-BDB5-4B31-8797-196E93D07B0F}"
EndProject
Global
	GlobalSection(SolutionConfigurationPlatforms) = preSolution
		Debug|Any CPU = Debug|Any CPU
		Release|Any CPU = Release|Any CPU
	EndGlobalSection
	GlobalSection(ProjectConfigurationPlatforms) = postSolution
		{03357A12-C191-4B84-B749-A68756A1C754}.Debug|Any CPU.ActiveCfg = Debug|Any CPU
		{03357A12-C191-4B84-B749-A68756A1C754}.Debug|Any CPU.Build.0 = Debug|Any CPU
		{03357A12-C191-4B84-B749-A68756A1C754}.Release|Any CPU.ActiveCfg = Release|Any CPU
		{03357A12-C191-4B84-B749-A68756A1C754}.Release|Any CPU.Build.0 = Release|Any CPU
		{F8368541-B503-4B32-A2DB-9E8B140DAD0C}.Debug|Any CPU.ActiveCfg = Debug|Any CPU
		{F8368541-B503-4B32-A2DB-9E8B140DAD0C}.Debug|Any CPU.Build.0 = Debug|Any CPU
		{F8368541-B503-4B32-A2DB-9E8B140DAD0C}.Release|Any CPU.ActiveCfg = Release|Any CPU
		{F8368541-B503-4B32-A2DB-9E8B140DAD0C}.Release|Any CPU.Build.0 = Release|Any CPU
		{C16BC8C4-9E8C-4B96-A3E5-360B2E8BE187}.Debug|Any CPU.ActiveCfg = Debug|Any CPU
		{C16BC8C4-9E8C-4B96-A3E5-360B2E8BE187}.Debug|Any CPU.Build.0 = Debug|Any CPU
		{C16BC8C4-9E8C-4B96-A3E5-360B2E8BE187}.Release|Any CPU.ActiveCfg = Release|Any CPU
		{C16BC8C4-9E8C-4B96-A3E5-360B2E8BE187}.Release|Any CPU.Build.0 = Release|Any CPU
		{9BB7D101-EDA5-45D7-9AEF-D9116707BE49}.Debug|Any CPU.ActiveCfg = Debug|Any CPU
		{9BB7D101-EDA5-45D7-9AEF-D9116707BE49}.Debug|Any CPU.Build.0 = Debug|Any CPU
		{9BB7D101-EDA5-45D7-9AEF-D9116707BE49}.Release|Any CPU.ActiveCfg = Release|Any CPU
		{9BB7D101-EDA5-45D7-9AEF-D9116707BE49}.Release|Any CPU.Build.0 = Release|Any CPU
		{0EB3F21D-BDB5-4B31-8797-196E93D07B0F}.Debug|Any CPU.ActiveCfg = Debug|Any CPU
		{0EB3F21D-BDB5-4B31-8797-196E93D07B0F}.Debug|Any CPU.Build.0 = Debug|Any CPU
		{0EB3F21D-BDB5-4B31-8797-196E93D07B0F}.Release|Any CPU.ActiveCfg = Release|Any CPU
		{0EB3F21D-BDB5-4B31-8797-196E93D07B0F}.Release|Any CPU.Build.0 = Release|Any CPU
	EndGlobalSection
	GlobalSection(SolutionProperties) = preSolution
		HideSolutionNode = FALSE
	EndGlobalSection
	GlobalSection(ExtensibilityGlobals) = postSolution
		SolutionGuid = {E0947A3E-68C6-4A4F-B8A4-C486C53FF29E}
	EndGlobalSection
EndGlobal
